
Microsoft Visual Studio Solution File, Format Version 12.00
# Visual Studio Version 16
VisualStudioVersion = 25.0.1706.0
MinimumVisualStudioVersion = 10.0.40219.1
Project("{FAE04EC0-301F-11D3-BF4B-00C04F79EFBC}") = "NetCore.Webhost", "Webhost\NetCore.Webhost.csproj", "{0CB31DDA-2B83-45E9-924A-3EC942F870FD}"
EndProject
Project("{2150E333-8FDC-42A3-9474-1A3956D46DE8}") = "CoreLib", "CoreLib", "{CB7548EE-808D-43A1-963F-4D9B882CFF30}"
EndProject
Project("{FAE04EC0-301F-11D3-BF4B-00C04F79EFBC}") = "NetCore", "NetCore\NetCore.csproj", "{3E3547BF-16E5-4118-BD46-58376CDE0700}"
EndProject
Project("{2150E333-8FDC-42A3-9474-1A3956D46DE8}") = "Plugins", "Plugins", "{8399A9EE-4BB6-4A30-9E23-F5647149BD30}"
EndProject
Project("{FAE04EC0-301F-11D3-BF4B-00C04F79EFBC}") = "Plugins.NLog", "Plugins.NLog\Plugins.NLog.csproj", "{5609BE41-E9A7-42FE-B4D4-85C260EE1AF7}"
EndProject
Project("{2150E333-8FDC-42A3-9474-1A3956D46DE8}") = "Entities", "Entities", "{D768CB8B-4539-44C0-8A40-BC15671D6710}"
EndProject
Project("{FAE04EC0-301F-11D3-BF4B-00C04F79EFBC}") = "Entities", "Entities\Entities.csproj", "{740957E1-D0F3-438B-807C-7F5FAFD150A1}"
EndProject
Project("{2150E333-8FDC-42A3-9474-1A3956D46DE8}") = "FeatureModule", "FeatureModule", "{70D40B28-2105-4661-87C3-FA07AE2B2919}"
EndProject
Project("{2150E333-8FDC-42A3-9474-1A3956D46DE8}") = "Module.Demo", "Module.Demo", "{31DE8C77-F443-43F4-8543-0FC6D8490BB0}"
EndProject
Project("{FAE04EC0-301F-11D3-BF4B-00C04F79EFBC}") = "Demo.Interface", "Demo.Interface\Demo.Interface.csproj", "{DE2DF074-6490-4EB4-8804-250D6DE7C7B1}"
EndProject
Project("{FAE04EC0-301F-11D3-BF4B-00C04F79EFBC}") = "Demo.Service", "Demo.Service\Demo.Service.csproj", "{1A5FBF0C-2A82-4EC9-9786-9A5C58F0FD54}"
EndProject
Project("{2150E333-8FDC-42A3-9474-1A3956D46DE8}") = "WebAPI", "WebAPI", "{81BDB9CE-C115-4021-A1F2-7CBBAE1D14F8}"
EndProject
Project("{FAE04EC0-301F-11D3-BF4B-00C04F79EFBC}") = "DemoWebAPI", "DemoWebAPI\DemoWebAPI.csproj", "{948DCBC5-F6C6-4A4B-8F8A-7A353AFFA27A}"
EndProject
Global
	GlobalSection(SolutionConfigurationPlatforms) = preSolution
		Debug|Any CPU = Debug|Any CPU
		Release|Any CPU = Release|Any CPU
	EndGlobalSection
	GlobalSection(ProjectConfigurationPlatforms) = postSolution
		{0CB31DDA-2B83-45E9-924A-3EC942F870FD}.Debug|Any CPU.ActiveCfg = Debug|Any CPU
		{0CB31DDA-2B83-45E9-924A-3EC942F870FD}.Debug|Any CPU.Build.0 = Debug|Any CPU
		{0CB31DDA-2B83-45E9-924A-3EC942F870FD}.Release|Any CPU.ActiveCfg = Release|Any CPU
		{0CB31DDA-2B83-45E9-924A-3EC942F870FD}.Release|Any CPU.Build.0 = Release|Any CPU
		{3E3547BF-16E5-4118-BD46-58376CDE0700}.Debug|Any CPU.ActiveCfg = Debug|Any CPU
		{3E3547BF-16E5-4118-BD46-58376CDE0700}.Debug|Any CPU.Build.0 = Debug|Any CPU
		{3E3547BF-16E5-4118-BD46-58376CDE0700}.Release|Any CPU.ActiveCfg = Release|Any CPU
		{3E3547BF-16E5-4118-BD46-58376CDE0700}.Release|Any CPU.Build.0 = Release|Any CPU
		{5609BE41-E9A7-42FE-B4D4-85C260EE1AF7}.Debug|Any CPU.ActiveCfg = Debug|Any CPU
		{5609BE41-E9A7-42FE-B4D4-85C260EE1AF7}.Debug|Any CPU.Build.0 = Debug|Any CPU
		{5609BE41-E9A7-42FE-B4D4-85C260EE1AF7}.Release|Any CPU.ActiveCfg = Release|Any CPU
		{5609BE41-E9A7-42FE-B4D4-85C260EE1AF7}.Release|Any CPU.Build.0 = Release|Any CPU
		{740957E1-D0F3-438B-807C-7F5FAFD150A1}.Debug|Any CPU.ActiveCfg = Debug|Any CPU
		{740957E1-D0F3-438B-807C-7F5FAFD150A1}.Debug|Any CPU.Build.0 = Debug|Any CPU
		{740957E1-D0F3-438B-807C-7F5FAFD150A1}.Release|Any CPU.ActiveCfg = Release|Any CPU
		{740957E1-D0F3-438B-807C-7F5FAFD150A1}.Release|Any CPU.Build.0 = Release|Any CPU
		{DE2DF074-6490-4EB4-8804-250D6DE7C7B1}.Debug|Any CPU.ActiveCfg = Debug|Any CPU
		{DE2DF074-6490-4EB4-8804-250D6DE7C7B1}.Debug|Any CPU.Build.0 = Debug|Any CPU
		{DE2DF074-6490-4EB4-8804-250D6DE7C7B1}.Release|Any CPU.ActiveCfg = Release|Any CPU
		{DE2DF074-6490-4EB4-8804-250D6DE7C7B1}.Release|Any CPU.Build.0 = Release|Any CPU
		{1A5FBF0C-2A82-4EC9-9786-9A5C58F0FD54}.Debug|Any CPU.ActiveCfg = Debug|Any CPU
		{1A5FBF0C-2A82-4EC9-9786-9A5C58F0FD54}.Debug|Any CPU.Build.0 = Debug|Any CPU
		{1A5FBF0C-2A82-4EC9-9786-9A5C58F0FD54}.Release|Any CPU.ActiveCfg = Release|Any CPU
		{1A5FBF0C-2A82-4EC9-9786-9A5C58F0FD54}.Release|Any CPU.Build.0 = Release|Any CPU
		{948DCBC5-F6C6-4A4B-8F8A-7A353AFFA27A}.Debug|Any CPU.ActiveCfg = Debug|Any CPU
		{948DCBC5-F6C6-4A4B-8F8A-7A353AFFA27A}.Debug|Any CPU.Build.0 = Debug|Any CPU
		{948DCBC5-F6C6-4A4B-8F8A-7A353AFFA27A}.Release|Any CPU.ActiveCfg = Release|Any CPU
		{948DCBC5-F6C6-4A4B-8F8A-7A353AFFA27A}.Release|Any CPU.Build.0 = Release|Any CPU
	EndGlobalSection
	GlobalSection(SolutionProperties) = preSolution
		HideSolutionNode = FALSE
	EndGlobalSection
	GlobalSection(ExtensibilityGlobals) = postSolution
		SolutionGuid = {51DAE9E8-C3FA-418C-9001-36AC23B9ED95}
	EndGlobalSection
	GlobalSection(NestedProjects) = preSolution
		{3E3547BF-16E5-4118-BD46-58376CDE0700} = {CB7548EE-808D-43A1-963F-4D9B882CFF30}
		{8399A9EE-4BB6-4A30-9E23-F5647149BD30} = {CB7548EE-808D-43A1-963F-4D9B882CFF30}
		{5609BE41-E9A7-42FE-B4D4-85C260EE1AF7} = {8399A9EE-4BB6-4A30-9E23-F5647149BD30}
		{740957E1-D0F3-438B-807C-7F5FAFD150A1} = {D768CB8B-4539-44C0-8A40-BC15671D6710}
		{31DE8C77-F443-43F4-8543-0FC6D8490BB0} = {70D40B28-2105-4661-87C3-FA07AE2B2919}
		{DE2DF074-6490-4EB4-8804-250D6DE7C7B1} = {31DE8C77-F443-43F4-8543-0FC6D8490BB0}
		{1A5FBF0C-2A82-4EC9-9786-9A5C58F0FD54} = {31DE8C77-F443-43F4-8543-0FC6D8490BB0}
		{948DCBC5-F6C6-4A4B-8F8A-7A353AFFA27A} = {81BDB9CE-C115-4021-A1F2-7CBBAE1D14F8}
	EndGlobalSection
EndGlobal
